// !$*UTF8*$!
{
	archiveVersion = 1;
	classes = {
	};
	objectVersion = 50;
	objects = {

/* Begin PBXBuildFile section */
		1861F26B24D2ED6900F98728 /* AppDelegate.m in Sources */ = {isa = PBXBuildFile; fileRef = 1861F26A24D2ED6900F98728 /* AppDelegate.m */; };
		1861F27124D2ED6900F98728 /* ViewController.m in Sources */ = {isa = PBXBuildFile; fileRef = 1861F27024D2ED6900F98728 /* ViewController.m */; };
		1861F27424D2ED6A00F98728 /* Main.storyboard in Resources */ = {isa = PBXBuildFile; fileRef = 1861F27224D2ED6A00F98728 /* Main.storyboard */; };
		1861F27624D2ED6E00F98728 /* Assets.xcassets in Resources */ = {isa = PBXBuildFile; fileRef = 1861F27524D2ED6E00F98728 /* Assets.xcassets */; };
		1861F27924D2ED6E00F98728 /* LaunchScreen.storyboard in Resources */ = {isa = PBXBuildFile; fileRef = 1861F27724D2ED6E00F98728 /* LaunchScreen.storyboard */; };
		1861F27C24D2ED6E00F98728 /* main.m in Sources */ = {isa = PBXBuildFile; fileRef = 1861F27B24D2ED6E00F98728 /* main.m */; };
		1861F28624D2ED6E00F98728 /* TestsTests.m in Sources */ = {isa = PBXBuildFile; fileRef = 1861F28524D2ED6E00F98728 /* TestsTests.m */; };
		1861F2A724D2EF5600F98728 /* Okidoki.m in Sources */ = {isa = PBXBuildFile; fileRef = 1861F2A624D2EF5600F98728 /* Okidoki.m */; };
		1861F2A824D2EF5600F98728 /* Okidoki.m in Sources */ = {isa = PBXBuildFile; fileRef = 1861F2A624D2EF5600F98728 /* Okidoki.m */; };
/* End PBXBuildFile section */

/* Begin PBXContainerItemProxy section */
		1861F28224D2ED6E00F98728 /* PBXContainerItemProxy */ = {
			isa = PBXContainerItemProxy;
			containerPortal = 1861F25E24D2ED6900F98728 /* Project object */;
			proxyType = 1;
			remoteGlobalIDString = 1861F26524D2ED6900F98728;
			remoteInfo = Tests;
		};
/* End PBXContainerItemProxy section */

/* Begin PBXFileReference section */
		1861F26624D2ED6900F98728 /* Tests.app */ = {isa = PBXFileReference; explicitFileType = wrapper.application; includeInIndex = 0; path = Tests.app; sourceTree = BUILT_PRODUCTS_DIR; };
		1861F26924D2ED6900F98728 /* AppDelegate.h */ = {isa = PBXFileReference; lastKnownFileType = sourcecode.c.h; path = AppDelegate.h; sourceTree = "<group>"; };
		1861F26A24D2ED6900F98728 /* AppDelegate.m */ = {isa = PBXFileReference; lastKnownFileType = sourcecode.c.objc; path = AppDelegate.m; sourceTree = "<group>"; };
		1861F26F24D2ED6900F98728 /* ViewController.h */ = {isa = PBXFileReference; lastKnownFileType = sourcecode.c.h; path = ViewController.h; sourceTree = "<group>"; };
		1861F27024D2ED6900F98728 /* ViewController.m */ = {isa = PBXFileReference; lastKnownFileType = sourcecode.c.objc; path = ViewController.m; sourceTree = "<group>"; };
		1861F27324D2ED6A00F98728 /* Base */ = {isa = PBXFileReference; lastKnownFileType = file.storyboard; name = Base; path = Base.lproj/Main.storyboard; sourceTree = "<group>"; };
		1861F27524D2ED6E00F98728 /* Assets.xcassets */ = {isa = PBXFileReference; lastKnownFileType = folder.assetcatalog; path = Assets.xcassets; sourceTree = "<group>"; };
		1861F27824D2ED6E00F98728 /* Base */ = {isa = PBXFileReference; lastKnownFileType = file.storyboard; name = Base; path = Base.lproj/LaunchScreen.storyboard; sourceTree = "<group>"; };
		1861F27A24D2ED6E00F98728 /* Info.plist */ = {isa = PBXFileReference; lastKnownFileType = text.plist.xml; path = Info.plist; sourceTree = "<group>"; };
		1861F27B24D2ED6E00F98728 /* main.m */ = {isa = PBXFileReference; lastKnownFileType = sourcecode.c.objc; path = main.m; sourceTree = "<group>"; };
		1861F28124D2ED6E00F98728 /* TestsTests.xctest */ = {isa = PBXFileReference; explicitFileType = wrapper.cfbundle; includeInIndex = 0; path = TestsTests.xctest; sourceTree = BUILT_PRODUCTS_DIR; };
		1861F28524D2ED6E00F98728 /* TestsTests.m */ = {isa = PBXFileReference; lastKnownFileType = sourcecode.c.objc; path = TestsTests.m; sourceTree = "<group>"; };
		1861F28724D2ED6E00F98728 /* Info.plist */ = {isa = PBXFileReference; lastKnownFileType = text.plist.xml; path = Info.plist; sourceTree = "<group>"; };
		1861F2A524D2EF5600F98728 /* Okidoki.h */ = {isa = PBXFileReference; fileEncoding = 4; lastKnownFileType = sourcecode.c.h; path = Okidoki.h; sourceTree = "<group>"; };
		1861F2A624D2EF5600F98728 /* Okidoki.m */ = {isa = PBXFileReference; fileEncoding = 4; lastKnownFileType = sourcecode.c.objc; path = Okidoki.m; sourceTree = "<group>"; };
/* End PBXFileReference section */

/* Begin PBXFrameworksBuildPhase section */
		1861F26324D2ED6900F98728 /* Frameworks */ = {
			isa = PBXFrameworksBuildPhase;
			buildActionMask = 2147483647;
			files = (
			);
			runOnlyForDeploymentPostprocessing = 0;
		};
		1861F27E24D2ED6E00F98728 /* Frameworks */ = {
			isa = PBXFrameworksBuildPhase;
			buildActionMask = 2147483647;
			files = (
			);
			runOnlyForDeploymentPostprocessing = 0;
		};
/* End PBXFrameworksBuildPhase section */

/* Begin PBXGroup section */
		1861F25D24D2ED6900F98728 = {
			isa = PBXGroup;
			children = (
				1861F26824D2ED6900F98728 /* Tests */,
				1861F28424D2ED6E00F98728 /* TestsTests */,
				1861F26724D2ED6900F98728 /* Products */,
			);
			sourceTree = "<group>";
		};
		1861F26724D2ED6900F98728 /* Products */ = {
			isa = PBXGroup;
			children = (
				1861F26624D2ED6900F98728 /* Tests.app */,
				1861F28124D2ED6E00F98728 /* TestsTests.xctest */,
			);
			name = Products;
			sourceTree = "<group>";
		};
		1861F26824D2ED6900F98728 /* Tests */ = {
			isa = PBXGroup;
			children = (
				1861F2A424D2EF5600F98728 /* Okidoki */,
				1861F26924D2ED6900F98728 /* AppDelegate.h */,
				1861F26A24D2ED6900F98728 /* AppDelegate.m */,
				1861F26F24D2ED6900F98728 /* ViewController.h */,
				1861F27024D2ED6900F98728 /* ViewController.m */,
				1861F27224D2ED6A00F98728 /* Main.storyboard */,
				1861F27524D2ED6E00F98728 /* Assets.xcassets */,
				1861F27724D2ED6E00F98728 /* LaunchScreen.storyboard */,
				1861F27A24D2ED6E00F98728 /* Info.plist */,
				1861F27B24D2ED6E00F98728 /* main.m */,
			);
			path = Tests;
			sourceTree = "<group>";
		};
		1861F28424D2ED6E00F98728 /* TestsTests */ = {
			isa = PBXGroup;
			children = (
				1861F28524D2ED6E00F98728 /* TestsTests.m */,
				1861F28724D2ED6E00F98728 /* Info.plist */,
			);
			path = TestsTests;
			sourceTree = "<group>";
		};
		1861F2A424D2EF5600F98728 /* Okidoki */ = {
			isa = PBXGroup;
			children = (
				1861F2A524D2EF5600F98728 /* Okidoki.h */,
				1861F2A624D2EF5600F98728 /* Okidoki.m */,
			);
			name = Okidoki;
			path = ../../Okidoki;
			sourceTree = "<group>";
		};
/* End PBXGroup section */

/* Begin PBXNativeTarget section */
		1861F26524D2ED6900F98728 /* Tests */ = {
			isa = PBXNativeTarget;
			buildConfigurationList = 1861F29524D2ED6E00F98728 /* Build configuration list for PBXNativeTarget "Tests" */;
			buildPhases = (
				1861F26224D2ED6900F98728 /* Sources */,
				1861F26324D2ED6900F98728 /* Frameworks */,
				1861F26424D2ED6900F98728 /* Resources */,
			);
			buildRules = (
			);
			dependencies = (
			);
			name = Tests;
			productName = Tests;
			productReference = 1861F26624D2ED6900F98728 /* Tests.app */;
			productType = "com.apple.product-type.application";
		};
		1861F28024D2ED6E00F98728 /* TestsTests */ = {
			isa = PBXNativeTarget;
			buildConfigurationList = 1861F29824D2ED6E00F98728 /* Build configuration list for PBXNativeTarget "TestsTests" */;
			buildPhases = (
				1861F27D24D2ED6E00F98728 /* Sources */,
				1861F27E24D2ED6E00F98728 /* Frameworks */,
				1861F27F24D2ED6E00F98728 /* Resources */,
			);
			buildRules = (
			);
			dependencies = (
				1861F28324D2ED6E00F98728 /* PBXTargetDependency */,
			);
			name = TestsTests;
			productName = TestsTests;
			productReference = 1861F28124D2ED6E00F98728 /* TestsTests.xctest */;
			productType = "com.apple.product-type.bundle.unit-test";
		};
/* End PBXNativeTarget section */

/* Begin PBXProject section */
		1861F25E24D2ED6900F98728 /* Project object */ = {
			isa = PBXProject;
			attributes = {
				LastUpgradeCheck = 1130;
				ORGANIZATIONNAME = HaoCold;
				TargetAttributes = {
					1861F26524D2ED6900F98728 = {
						CreatedOnToolsVersion = 11.3.1;
					};
					1861F28024D2ED6E00F98728 = {
						CreatedOnToolsVersion = 11.3.1;
						TestTargetID = 1861F26524D2ED6900F98728;
					};
				};
			};
			buildConfigurationList = 1861F26124D2ED6900F98728 /* Build configuration list for PBXProject "Tests" */;
			compatibilityVersion = "Xcode 9.3";
			developmentRegion = en;
			hasScannedForEncodings = 0;
			knownRegions = (
				en,
				Base,
			);
			mainGroup = 1861F25D24D2ED6900F98728;
			productRefGroup = 1861F26724D2ED6900F98728 /* Products */;
			projectDirPath = "";
			projectRoot = "";
			targets = (
				1861F26524D2ED6900F98728 /* Tests */,
				1861F28024D2ED6E00F98728 /* TestsTests */,
			);
		};
/* End PBXProject section */

/* Begin PBXResourcesBuildPhase section */
		1861F26424D2ED6900F98728 /* Resources */ = {
			isa = PBXResourcesBuildPhase;
			buildActionMask = 2147483647;
			files = (
				1861F27924D2ED6E00F98728 /* LaunchScreen.storyboard in Resources */,
				1861F27624D2ED6E00F98728 /* Assets.xcassets in Resources */,
				1861F27424D2ED6A00F98728 /* Main.storyboard in Resources */,
			);
			runOnlyForDeploymentPostprocessing = 0;
		};
		1861F27F24D2ED6E00F98728 /* Resources */ = {
			isa = PBXResourcesBuildPhase;
			buildActionMask = 2147483647;
			files = (
			);
			runOnlyForDeploymentPostprocessing = 0;
		};
/* End PBXResourcesBuildPhase section */

/* Begin PBXSourcesBuildPhase section */
		1861F26224D2ED6900F98728 /* Sources */ = {
			isa = PBXSourcesBuildPhase;
			buildActionMask = 2147483647;
			files = (
				1861F27124D2ED6900F98728 /* ViewController.m in Sources */,
				1861F2A724D2EF5600F98728 /* Okidoki.m in Sources */,
				1861F26B24D2ED6900F98728 /* AppDelegate.m in Sources */,
				1861F27C24D2ED6E00F98728 /* main.m in Sources */,
			);
			runOnlyForDeploymentPostprocessing = 0;
		};
		1861F27D24D2ED6E00F98728 /* Sources */ = {
			isa = PBXSourcesBuildPhase;
			buildActionMask = 2147483647;
			files = (
				1861F2A824D2EF5600F98728 /* Okidoki.m in Sources */,
				1861F28624D2ED6E00F98728 /* TestsTests.m in Sources */,
			);
			runOnlyForDeploymentPostprocessing = 0;
		};
/* End PBXSourcesBuildPhase section */

/* Begin PBXTargetDependency section */
		1861F28324D2ED6E00F98728 /* PBXTargetDependency */ = {
			isa = PBXTargetDependency;
			target = 1861F26524D2ED6900F98728 /* Tests */;
			targetProxy = 1861F28224D2ED6E00F98728 /* PBXContainerItemProxy */;
		};
/* End PBXTargetDependency section */

/* Begin PBXVariantGroup section */
		1861F27224D2ED6A00F98728 /* Main.storyboard */ = {
			isa = PBXVariantGroup;
			children = (
				1861F27324D2ED6A00F98728 /* Base */,
			);
			name = Main.storyboard;
			sourceTree = "<group>";
		};
		1861F27724D2ED6E00F98728 /* LaunchScreen.storyboard */ = {
			isa = PBXVariantGroup;
			children = (
				1861F27824D2ED6E00F98728 /* Base */,
			);
			name = LaunchScreen.storyboard;
			sourceTree = "<group>";
		};
/* End PBXVariantGroup section */

/* Begin XCBuildConfiguration section */
		1861F29324D2ED6E00F98728 /* Debug */ = {
			isa = XCBuildConfiguration;
			buildSettings = {
				ALWAYS_SEARCH_USER_PATHS = NO;
				CLANG_ANALYZER_NONNULL = YES;
				CLANG_ANALYZER_NUMBER_OBJECT_CONVERSION = YES_AGGRESSIVE;
				CLANG_CXX_LANGUAGE_STANDARD = "gnu++14";
				CLANG_CXX_LIBRARY = "libc++";
				CLANG_ENABLE_MODULES = YES;
				CLANG_ENABLE_OBJC_ARC = YES;
				CLANG_ENABLE_OBJC_WEAK = YES;
				CLANG_WARN_BLOCK_CAPTURE_AUTORELEASING = YES;
				CLANG_WARN_BOOL_CONVERSION = YES;
				CLANG_WARN_COMMA = YES;
				CLANG_WARN_CONSTANT_CONVERSION = YES;
				CLANG_WARN_DEPRECATED_OBJC_IMPLEMENTATIONS = YES;
				CLANG_WARN_DIRECT_OBJC_ISA_USAGE = YES_ERROR;
				CLANG_WARN_DOCUMENTATION_COMMENTS = YES;
				CLANG_WARN_EMPTY_BODY = YES;
				CLANG_WARN_ENUM_CONVERSION = YES;
				CLANG_WARN_INFINITE_RECURSION = YES;
				CLANG_WARN_INT_CONVERSION = YES;
				CLANG_WARN_NON_LITERAL_NULL_CONVERSION = YES;
				CLANG_WARN_OBJC_IMPLICIT_RETAIN_SELF = YES;
				CLANG_WARN_OBJC_LITERAL_CONVERSION = YES;
				CLANG_WARN_OBJC_ROOT_CLASS = YES_ERROR;
				CLANG_WARN_RANGE_LOOP_ANALYSIS = YES;
				CLANG_WARN_STRICT_PROTOTYPES = YES;
				CLANG_WARN_SUSPICIOUS_MOVE = YES;
				CLANG_WARN_UNGUARDED_AVAILABILITY = YES_AGGRESSIVE;
				CLANG_WARN_UNREACHABLE_CODE = YES;
				CLANG_WARN__DUPLICATE_METHOD_MATCH = YES;
				COPY_PHASE_STRIP = NO;
				DEBUG_INFORMATION_FORMAT = dwarf;
				ENABLE_STRICT_OBJC_MSGSEND = YES;
				ENABLE_TESTABILITY = YES;
				GCC_C_LANGUAGE_STANDARD = gnu11;
				GCC_DYNAMIC_NO_PIC = NO;
				GCC_NO_COMMON_BLOCKS = YES;
				GCC_OPTIMIZATION_LEVEL = 0;
				GCC_PREPROCESSOR_DEFINITIONS = (
					"DEBUG=1",
					"$(inherited)",
				);
				GCC_WARN_64_TO_32_BIT_CONVERSION = YES;
				GCC_WARN_ABOUT_RETURN_TYPE = YES_ERROR;
				GCC_WARN_UNDECLARED_SELECTOR = YES;
				GCC_WARN_UNINITIALIZED_AUTOS = YES_AGGRESSIVE;
				GCC_WARN_UNUSED_FUNCTION = YES;
				GCC_WARN_UNUSED_VARIABLE = YES;
				IPHONEOS_DEPLOYMENT_TARGET = 10.0;
				MTL_ENABLE_DEBUG_INFO = INCLUDE_SOURCE;
				MTL_FAST_MATH = YES;
				ONLY_ACTIVE_ARCH = YES;
				SDKROOT = iphoneos;
			};
			name = Debug;
		};
		1861F29424D2ED6E00F98728 /* Release */ = {
			isa = XCBuildConfiguration;
			buildSettings = {
				ALWAYS_SEARCH_USER_PATHS = NO;
				CLANG_ANALYZER_NONNULL = YES;
				CLANG_ANALYZER_NUMBER_OBJECT_CONVERSION = YES_AGGRESSIVE;
				CLANG_CXX_LANGUAGE_STANDARD = "gnu++14";
				CLANG_CXX_LIBRARY = "libc++";
				CLANG_ENABLE_MODULES = YES;
				CLANG_ENABLE_OBJC_ARC = YES;
				CLANG_ENABLE_OBJC_WEAK = YES;
				CLANG_WARN_BLOCK_CAPTURE_AUTORELEASING = YES;
				CLANG_WARN_BOOL_CONVERSION = YES;
				CLANG_WARN_COMMA = YES;
				CLANG_WARN_CONSTANT_CONVERSION = YES;
				CLANG_WARN_DEPRECATED_OBJC_IMPLEMENTATIONS = YES;
				CLANG_WARN_DIRECT_OBJC_ISA_USAGE = YES_ERROR;
				CLANG_WARN_DOCUMENTATION_COMMENTS = YES;
				CLANG_WARN_EMPTY_BODY = YES;
				CLANG_WARN_ENUM_CONVERSION = YES;
				CLANG_WARN_INFINITE_RECURSION = YES;
				CLANG_WARN_INT_CONVERSION = YES;
				CLANG_WARN_NON_LITERAL_NULL_CONVERSION = YES;
				CLANG_WARN_OBJC_IMPLICIT_RETAIN_SELF = YES;
				CLANG_WARN_OBJC_LITERAL_CONVERSION = YES;
				CLANG_WARN_OBJC_ROOT_CLASS = YES_ERROR;
				CLANG_WARN_RANGE_LOOP_ANALYSIS = YES;
				CLANG_WARN_STRICT_PROTOTYPES = YES;
				CLANG_WARN_SUSPICIOUS_MOVE = YES;
				CLANG_WARN_UNGUARDED_AVAILABILITY = YES_AGGRESSIVE;
				CLANG_WARN_UNREACHABLE_CODE = YES;
				CLANG_WARN__DUPLICATE_METHOD_MATCH = YES;
				COPY_PHASE_STRIP = NO;
				DEBUG_INFORMATION_FORMAT = "dwarf-with-dsym";
				ENABLE_NS_ASSERTIONS = NO;
				ENABLE_STRICT_OBJC_MSGSEND = YES;
				GCC_C_LANGUAGE_STANDARD = gnu11;
				GCC_NO_COMMON_BLOCKS = YES;
				GCC_WARN_64_TO_32_BIT_CONVERSION = YES;
				GCC_WARN_ABOUT_RETURN_TYPE = YES_ERROR;
				GCC_WARN_UNDECLARED_SELECTOR = YES;
				GCC_WARN_UNINITIALIZED_AUTOS = YES_AGGRESSIVE;
				GCC_WARN_UNUSED_FUNCTION = YES;
				GCC_WARN_UNUSED_VARIABLE = YES;
				IPHONEOS_DEPLOYMENT_TARGET = 10.0;
				MTL_ENABLE_DEBUG_INFO = NO;
				MTL_FAST_MATH = YES;
				SDKROOT = iphoneos;
				VALIDATE_PRODUCT = YES;
			};
			name = Release;
		};
		1861F29624D2ED6E00F98728 /* Debug */ = {
			isa = XCBuildConfiguration;
			buildSettings = {
				ASSETCATALOG_COMPILER_APPICON_NAME = AppIcon;
				CODE_SIGN_IDENTITY = "iPhone Developer";
				CODE_SIGN_STYLE = Manual;
				DEVELOPMENT_TEAM = D8MERC5W3E;
				INFOPLIST_FILE = Tests/Info.plist;
				IPHONEOS_DEPLOYMENT_TARGET = 10.0;
				LD_RUNPATH_SEARCH_PATHS = (
					"$(inherited)",
					"@executable_path/Frameworks",
				);
				PRODUCT_BUNDLE_IDENTIFIER = com.haocold.Tests;
				PRODUCT_NAME = "$(TARGET_NAME)";
				PROVISIONING_PROFILE_SPECIFIER = haocold.develop;
				TARGETED_DEVICE_FAMILY = "1,2";
			};
			name = Debug;
		};
		1861F29724D2ED6E00F98728 /* Release */ = {
			isa = XCBuildConfiguration;
			buildSettings = {
				ASSETCATALOG_COMPILER_APPICON_NAME = AppIcon;
				CODE_SIGN_IDENTITY = "iPhone Developer";
				CODE_SIGN_STYLE = Manual;
				DEVELOPMENT_TEAM = D8MERC5W3E;
				INFOPLIST_FILE = Tests/Info.plist;
				IPHONEOS_DEPLOYMENT_TARGET = 10.0;
				LD_RUNPATH_SEARCH_PATHS = (
					"$(inherited)",
					"@executable_path/Frameworks",
				);
				PRODUCT_BUNDLE_IDENTIFIER = com.haocold.Tests;
				PRODUCT_NAME = "$(TARGET_NAME)";
				PROVISIONING_PROFILE_SPECIFIER = haocold.develop;
				TARGETED_DEVICE_FAMILY = "1,2";
			};
			name = Release;
		};
		1861F29924D2ED6E00F98728 /* Debug */ = {
			isa = XCBuildConfiguration;
			buildSettings = {
				CODE_SIGN_STYLE = Manual;
				DEVELOPMENT_TEAM = D8MERC5W3E;
				INFOPLIST_FILE = TestsTests/Info.plist;
				IPHONEOS_DEPLOYMENT_TARGET = 10.0;
				LD_RUNPATH_SEARCH_PATHS = (
					"$(inherited)",
					"@executable_path/Frameworks",
					"@loader_path/Frameworks",
				);
				PRODUCT_BUNDLE_IDENTIFIER = com.haocold.TestsTests;
				PRODUCT_NAME = "$(TARGET_NAME)";
				PROVISIONING_PROFILE_SPECIFIER = "";
				"PROVISIONING_PROFILE_SPECIFIER[sdk=macosx*]" = "";
				TARGETED_DEVICE_FAMILY = "1,2";
				TEST_HOST = "$(BUILT_PRODUCTS_DIR)/Tests.app/Tests";
			};
			name = Debug;
		};
		1861F29A24D2ED6E00F98728 /* Release */ = {
			isa = XCBuildConfiguration;
			buildSettings = {
				CODE_SIGN_STYLE = Manual;
				DEVELOPMENT_TEAM = D8MERC5W3E;
				INFOPLIST_FILE = TestsTests/Info.plist;
				IPHONEOS_DEPLOYMENT_TARGET = 10.0;
				LD_RUNPATH_SEARCH_PATHS = (
					"$(inherited)",
					"@executable_path/Frameworks",
					"@loader_path/Frameworks",
				);
				PRODUCT_BUNDLE_IDENTIFIER = com.haocold.TestsTests;
				PRODUCT_NAME = "$(TARGET_NAME)";
				PROVISIONING_PROFILE_SPECIFIER = "";
				"PROVISIONING_PROFILE_SPECIFIER[sdk=macosx*]" = "";
				TARGETED_DEVICE_FAMILY = "1,2";
				TEST_HOST = "$(BUILT_PRODUCTS_DIR)/Tests.app/Tests";
			};
			name = Release;
		};
/* End XCBuildConfiguration section */

/* Begin XCConfigurationList section */
		1861F26124D2ED6900F98728 /* Build configuration list for PBXProject "Tests" */ = {
			isa = XCConfigurationList;
			buildConfigurations = (
				1861F29324D2ED6E00F98728 /* Debug */,
				1861F29424D2ED6E00F98728 /* Release */,
			);
			defaultConfigurationIsVisible = 0;
			defaultConfigurationName = Release;
		};
		1861F29524D2ED6E00F98728 /* Build configuration list for PBXNativeTarget "Tests" */ = {
			isa = XCConfigurationList;
			buildConfigurations = (
				1861F29624D2ED6E00F98728 /* Debug */,
				1861F29724D2ED6E00F98728 /* Release */,
			);
			defaultConfigurationIsVisible = 0;
			defaultConfigurationName = Release;
		};
		1861F29824D2ED6E00F98728 /* Build configuration list for PBXNativeTarget "TestsTests" */ = {
			isa = XCConfigurationList;
			buildConfigurations = (
				1861F29924D2ED6E00F98728 /* Debug */,
				1861F29A24D2ED6E00F98728 /* Release */,
			);
			defaultConfigurationIsVisible = 0;
			defaultConfigurationName = Release;
		};
/* End XCConfigurationList section */
	};
	rootObject = 1861F25E24D2ED6900F98728 /* Project object */;
}
